
Microsoft Visual Studio Solution File, Format Version 12.00
# Visual Studio Version 17
VisualStudioVersion = 17.12.35707.178
MinimumVisualStudioVersion = 10.0.40219.1
Project("{FAE04EC0-301F-11D3-BF4B-00C04F79EFBC}") = "TFG V0.01", "TFG V0.01\TFG V0.01.csproj", "{1178EFCE-25D6-4ED8-A840-56F9C97CB6D1}"
EndProject
Project("{FAE04EC0-301F-11D3-BF4B-00C04F79EFBC}") = "JurisprudenciaAPI", "JurisprudenciaAPI\JurisprudenciaAPI.csproj", "{ADD86F55-03AD-46F7-ACC5-DE11630BADCB}"
EndProject
Global
	GlobalSection(SolutionConfigurationPlatforms) = preSolution
		Debug|Any CPU = Debug|Any CPU
		Release|Any CPU = Release|Any CPU
	EndGlobalSection
	GlobalSection(ProjectConfigurationPlatforms) = postSolution
		{1178EFCE-25D6-4ED8-A840-56F9C97CB6D1}.Debug|Any CPU.ActiveCfg = Debug|Any CPU
		{1178EFCE-25D6-4ED8-A840-56F9C97CB6D1}.Debug|Any CPU.Build.0 = Debug|Any CPU
		{1178EFCE-25D6-4ED8-A840-56F9C97CB6D1}.Release|Any CPU.ActiveCfg = Release|Any CPU
		{1178EFCE-25D6-4ED8-A840-56F9C97CB6D1}.Release|Any CPU.Build.0 = Release|Any CPU
		{ADD86F55-03AD-46F7-ACC5-DE11630BADCB}.Debug|Any CPU.ActiveCfg = Debug|Any CPU
		{ADD86F55-03AD-46F7-ACC5-DE11630BADCB}.Debug|Any CPU.Build.0 = Debug|Any CPU
		{ADD86F55-03AD-46F7-ACC5-DE11630BADCB}.Release|Any CPU.ActiveCfg = Release|Any CPU
		{ADD86F55-03AD-46F7-ACC5-DE11630BADCB}.Release|Any CPU.Build.0 = Release|Any CPU
	EndGlobalSection
	GlobalSection(SolutionProperties) = preSolution
		HideSolutionNode = FALSE
	EndGlobalSection
	GlobalSection(ExtensibilityGlobals) = postSolution
		SolutionGuid = {19920C61-9558-4D37-A7C0-053397F32D96}
	EndGlobalSection
EndGlobal
